
Microsoft Visual Studio Solution File, Format Version 12.00
# Visual Studio Version 17
VisualStudioVersion = 17.6.33801.468
MinimumVisualStudioVersion = 10.0.40219.1
Project("{FAE04EC0-301F-11D3-BF4B-00C04F79EFBC}") = "ECommerceShoppingApplication", "ECommerceShoppingApplication.csproj", "{5D02DCDB-E2FD-4A8F-95E8-28969DCAAFFE}"
EndProject
Global
	GlobalSection(SolutionConfigurationPlatforms) = preSolution
		Debug|Any CPU = Debug|Any CPU
		Release|Any CPU = Release|Any CPU
	EndGlobalSection
	GlobalSection(ProjectConfigurationPlatforms) = postSolution
		{5D02DCDB-E2FD-4A8F-95E8-28969DCAAFFE}.Debug|Any CPU.ActiveCfg = Debug|Any CPU
		{5D02DCDB-E2FD-4A8F-95E8-28969DCAAFFE}.Debug|Any CPU.Build.0 = Debug|Any CPU
		{5D02DCDB-E2FD-4A8F-95E8-28969DCAAFFE}.Release|Any CPU.ActiveCfg = Release|Any CPU
		{5D02DCDB-E2FD-4A8F-95E8-28969DCAAFFE}.Release|Any CPU.Build.0 = Release|Any CPU
	EndGlobalSection
	GlobalSection(SolutionProperties) = preSolution
		HideSolutionNode = FALSE
	EndGlobalSection
	GlobalSection(ExtensibilityGlobals) = postSolution
		SolutionGuid = {55474B25-7B52-4C4A-BC0C-82CCA2FC1E86}
	EndGlobalSection
EndGlobal
